Microsoft Visual Studio Solution File, Format Version 12.00
# Visual Studio Version 17
VisualStudioVersion = 17.5.2.0
MinimumVisualStudioVersion = 10.0.40219.1
Project("{FAE04EC0-301F-11D3-BF4B-00C04F79EFBC}") = "FinanceCase.Api", "FinanceCase.Api\FinanceCase.Api.csproj", "{8A686612-A764-AFBE-80FC-90E9DDE17CF3}"
EndProject
Project("{FAE04EC0-301F-11D3-BF4B-00C04F79EFBC}") = "FinanceCase.Web", "FinanceCase.Web\FinanceCase.Web.csproj", "{87DA3DFF-E54E-B9C8-D8FC-6958BFAB6242}"
EndProject
Global
	GlobalSection(SolutionConfigurationPlatforms) = preSolution
		Debug|Any CPU = Debug|Any CPU
		Release|Any CPU = Release|Any CPU
	EndGlobalSection
	GlobalSection(ProjectConfigurationPlatforms) = postSolution
		{8A686612-A764-AFBE-80FC-90E9DDE17CF3}.Debug|Any CPU.ActiveCfg = Debug|Any CPU
		{8A686612-A764-AFBE-80FC-90E9DDE17CF3}.Debug|Any CPU.Build.0 = Debug|Any CPU
		{8A686612-A764-AFBE-80FC-90E9DDE17CF3}.Release|Any CPU.ActiveCfg = Release|Any CPU
		{8A686612-A764-AFBE-80FC-90E9DDE17CF3}.Release|Any CPU.Build.0 = Release|Any CPU
		{87DA3DFF-E54E-B9C8-D8FC-6958BFAB6242}.Debug|Any CPU.ActiveCfg = Debug|Any CPU
		{87DA3DFF-E54E-B9C8-D8FC-6958BFAB6242}.Debug|Any CPU.Build.0 = Debug|Any CPU
		{87DA3DFF-E54E-B9C8-D8FC-6958BFAB6242}.Release|Any CPU.ActiveCfg = Release|Any CPU
		{87DA3DFF-E54E-B9C8-D8FC-6958BFAB6242}.Release|Any CPU.Build.0 = Release|Any CPU
	EndGlobalSection
	GlobalSection(SolutionProperties) = preSolution
		HideSolutionNode = FALSE
	EndGlobalSection
	GlobalSection(ExtensibilityGlobals) = postSolution
		SolutionGuid = {EFED24D0-7805-41A6-B597-C34DFEB6695A}
	EndGlobalSection
EndGlobal
